// !$*UTF8*$!
{
	archiveVersion = 1;
	classes = {
	};
	objectVersion = 56;
	objects = {

/* Begin PBXBuildFile section */
		845AFB9A2A0657F6000EACEF /* CategoryCell.swift in Sources */ = {isa = PBXBuildFile; fileRef = 845AFB992A0657F6000EACEF /* CategoryCell.swift */; };
		845AFB9C2A065806000EACEF /* PetCell.swift in Sources */ = {isa = PBXBuildFile; fileRef = 845AFB9B2A065806000EACEF /* PetCell.swift */; };
		84642A0229FF0EFD0076850C /* ModuleBuilder.swift in Sources */ = {isa = PBXBuildFile; fileRef = 84642A0129FF0EFD0076850C /* ModuleBuilder.swift */; };
		8489C71C2A07C5F000662DDD /* DetailPresenter.swift in Sources */ = {isa = PBXBuildFile; fileRef = 8489C71B2A07C5F000662DDD /* DetailPresenter.swift */; };
		8489C71E2A07C60700662DDD /* DetailViewController.swift in Sources */ = {isa = PBXBuildFile; fileRef = 8489C71D2A07C60700662DDD /* DetailViewController.swift */; };
		8493330A29F6EF33009C3FF6 /* AppDelegate.swift in Sources */ = {isa = PBXBuildFile; fileRef = 8493330929F6EF33009C3FF6 /* AppDelegate.swift */; };
		8493330C29F6EF33009C3FF6 /* SceneDelegate.swift in Sources */ = {isa = PBXBuildFile; fileRef = 8493330B29F6EF33009C3FF6 /* SceneDelegate.swift */; };
		8493330E29F6EF33009C3FF6 /* MainViewController.swift in Sources */ = {isa = PBXBuildFile; fileRef = 8493330D29F6EF33009C3FF6 /* MainViewController.swift */; };
		8493331329F6EF34009C3FF6 /* Assets.xcassets in Resources */ = {isa = PBXBuildFile; fileRef = 8493331229F6EF34009C3FF6 /* Assets.xcassets */; };
		8493332329F6F341009C3FF6 /* SnapKit in Frameworks */ = {isa = PBXBuildFile; productRef = 8493332229F6F341009C3FF6 /* SnapKit */; };
		8493332829F6F69A009C3FF6 /* Animals.swift in Sources */ = {isa = PBXBuildFile; fileRef = 8493332729F6F69A009C3FF6 /* Animals.swift */; };
		8493332A29F6F6B1009C3FF6 /* MainPresenter.swift in Sources */ = {isa = PBXBuildFile; fileRef = 8493332929F6F6B1009C3FF6 /* MainPresenter.swift */; };
		8493332C29F7008C009C3FF6 /* Animal.swift in Sources */ = {isa = PBXBuildFile; fileRef = 8493332B29F7008C009C3FF6 /* Animal.swift */; };
/* End PBXBuildFile section */

/* Begin PBXFileReference section */
		845AFB992A0657F6000EACEF /* CategoryCell.swift */ = {isa = PBXFileReference; lastKnownFileType = sourcecode.swift; path = CategoryCell.swift; sourceTree = "<group>"; };
		845AFB9B2A065806000EACEF /* PetCell.swift */ = {isa = PBXFileReference; lastKnownFileType = sourcecode.swift; path = PetCell.swift; sourceTree = "<group>"; };
		84642A0129FF0EFD0076850C /* ModuleBuilder.swift */ = {isa = PBXFileReference; lastKnownFileType = sourcecode.swift; path = ModuleBuilder.swift; sourceTree = "<group>"; };
		8489C71B2A07C5F000662DDD /* DetailPresenter.swift */ = {isa = PBXFileReference; lastKnownFileType = sourcecode.swift; path = DetailPresenter.swift; sourceTree = "<group>"; };
		8489C71D2A07C60700662DDD /* DetailViewController.swift */ = {isa = PBXFileReference; lastKnownFileType = sourcecode.swift; path = DetailViewController.swift; sourceTree = "<group>"; };
		8493330629F6EF33009C3FF6 /* HW16.MVP.app */ = {isa = PBXFileReference; explicitFileType = wrapper.application; includeInIndex = 0; path = HW16.MVP.app; sourceTree = BUILT_PRODUCTS_DIR; };
		8493330929F6EF33009C3FF6 /* AppDelegate.swift */ = {isa = PBXFileReference; lastKnownFileType = sourcecode.swift; path = AppDelegate.swift; sourceTree = "<group>"; };
		8493330B29F6EF33009C3FF6 /* SceneDelegate.swift */ = {isa = PBXFileReference; lastKnownFileType = sourcecode.swift; path = SceneDelegate.swift; sourceTree = "<group>"; };
		8493330D29F6EF33009C3FF6 /* MainViewController.swift */ = {isa = PBXFileReference; lastKnownFileType = sourcecode.swift; path = MainViewController.swift; sourceTree = "<group>"; };
		8493331229F6EF34009C3FF6 /* Assets.xcassets */ = {isa = PBXFileReference; lastKnownFileType = folder.assetcatalog; path = Assets.xcassets; sourceTree = "<group>"; };
		8493331729F6EF34009C3FF6 /* Info.plist */ = {isa = PBXFileReference; lastKnownFileType = text.plist.xml; path = Info.plist; sourceTree = "<group>"; };
		8493332729F6F69A009C3FF6 /* Animals.swift */ = {isa = PBXFileReference; lastKnownFileType = sourcecode.swift; path = Animals.swift; sourceTree = "<group>"; };
		8493332929F6F6B1009C3FF6 /* MainPresenter.swift */ = {isa = PBXFileReference; lastKnownFileType = sourcecode.swift; path = MainPresenter.swift; sourceTree = "<group>"; };
		8493332B29F7008C009C3FF6 /* Animal.swift */ = {isa = PBXFileReference; lastKnownFileType = sourcecode.swift; path = Animal.swift; sourceTree = "<group>"; };
/* End PBXFileReference section */

/* Begin PBXFrameworksBuildPhase section */
		8493330329F6EF33009C3FF6 /* Frameworks */ = {
			isa = PBXFrameworksBuildPhase;
			buildActionMask = 2147483647;
			files = (
				8493332329F6F341009C3FF6 /* SnapKit in Frameworks */,
			);
			runOnlyForDeploymentPostprocessing = 0;
		};
/* End PBXFrameworksBuildPhase section */

/* Begin PBXGroup section */
		845AFB982A065745000EACEF /* Cells */ = {
			isa = PBXGroup;
			children = (
				845AFB992A0657F6000EACEF /* CategoryCell.swift */,
				845AFB9B2A065806000EACEF /* PetCell.swift */,
			);
			path = Cells;
			sourceTree = "<group>";
		};
		84642A0029FF0EA80076850C /* ModuleBuilder */ = {
			isa = PBXGroup;
			children = (
				84642A0129FF0EFD0076850C /* ModuleBuilder.swift */,
			);
			path = ModuleBuilder;
			sourceTree = "<group>";
		};
		8489C7172A07C57200662DDD /* DetailModule */ = {
			isa = PBXGroup;
			children = (
				8489C7182A07C59700662DDD /* DetailPresenter */,
				8489C71A2A07C5C900662DDD /* DetailView */,
			);
			path = DetailModule;
			sourceTree = "<group>";
		};
		8489C7182A07C59700662DDD /* DetailPresenter */ = {
			isa = PBXGroup;
			children = (
				8489C71B2A07C5F000662DDD /* DetailPresenter.swift */,
			);
			path = DetailPresenter;
			sourceTree = "<group>";
		};
		8489C71A2A07C5C900662DDD /* DetailView */ = {
			isa = PBXGroup;
			children = (
				8489C71D2A07C60700662DDD /* DetailViewController.swift */,
			);
			path = DetailView;
			sourceTree = "<group>";
		};
		849332FD29F6EF33009C3FF6 = {
			isa = PBXGroup;
			children = (
				8493330829F6EF33009C3FF6 /* HW16.MVP */,
				8493330729F6EF33009C3FF6 /* Products */,
			);
			sourceTree = "<group>";
		};
		8493330729F6EF33009C3FF6 /* Products */ = {
			isa = PBXGroup;
			children = (
				8493330629F6EF33009C3FF6 /* HW16.MVP.app */,
			);
			name = Products;
			sourceTree = "<group>";
		};
		8493330829F6EF33009C3FF6 /* HW16.MVP */ = {
			isa = PBXGroup;
			children = (
				8493331F29F6F2B5009C3FF6 /* Source */,
				8493332029F6F2C0009C3FF6 /* Resource */,
			);
			path = HW16.MVP;
			sourceTree = "<group>";
		};
		8493331D29F6F1E0009C3FF6 /* App */ = {
			isa = PBXGroup;
			children = (
				8493330929F6EF33009C3FF6 /* AppDelegate.swift */,
				8493330B29F6EF33009C3FF6 /* SceneDelegate.swift */,
			);
			path = App;
			sourceTree = "<group>";
		};
		8493331E29F6F1FF009C3FF6 /* MainModule */ = {
			isa = PBXGroup;
			children = (
				8493332629F6F56A009C3FF6 /* MainPresenter */,
				8493332529F6F551009C3FF6 /* MainView */,
				8493332429F6F539009C3FF6 /* MainModel */,
				845AFB982A065745000EACEF /* Cells */,
			);
			path = MainModule;
			sourceTree = "<group>";
		};
		8493331F29F6F2B5009C3FF6 /* Source */ = {
			isa = PBXGroup;
			children = (
				84642A0029FF0EA80076850C /* ModuleBuilder */,
				8493331D29F6F1E0009C3FF6 /* App */,
				8493331E29F6F1FF009C3FF6 /* MainModule */,
				8489C7172A07C57200662DDD /* DetailModule */,
			);
			path = Source;
			sourceTree = "<group>";
		};
		8493332029F6F2C0009C3FF6 /* Resource */ = {
			isa = PBXGroup;
			children = (
				8493331229F6EF34009C3FF6 /* Assets.xcassets */,
				8493331729F6EF34009C3FF6 /* Info.plist */,
			);
			path = Resource;
			sourceTree = "<group>";
		};
		8493332429F6F539009C3FF6 /* MainModel */ = {
			isa = PBXGroup;
			children = (
				8493332729F6F69A009C3FF6 /* Animals.swift */,
				8493332B29F7008C009C3FF6 /* Animal.swift */,
			);
			path = MainModel;
			sourceTree = "<group>";
		};
		8493332529F6F551009C3FF6 /* MainView */ = {
			isa = PBXGroup;
			children = (
				8493330D29F6EF33009C3FF6 /* MainViewController.swift */,
			);
			path = MainView;
			sourceTree = "<group>";
		};
		8493332629F6F56A009C3FF6 /* MainPresenter */ = {
			isa = PBXGroup;
			children = (
				8493332929F6F6B1009C3FF6 /* MainPresenter.swift */,
			);
			path = MainPresenter;
			sourceTree = "<group>";
		};
/* End PBXGroup section */

/* Begin PBXNativeTarget section */
		8493330529F6EF33009C3FF6 /* HW16.MVP */ = {
			isa = PBXNativeTarget;
			buildConfigurationList = 8493331A29F6EF34009C3FF6 /* Build configuration list for PBXNativeTarget "HW16.MVP" */;
			buildPhases = (
				8493330229F6EF33009C3FF6 /* Sources */,
				8493330329F6EF33009C3FF6 /* Frameworks */,
				8493330429F6EF33009C3FF6 /* Resources */,
			);
			buildRules = (
			);
			dependencies = (
			);
			name = HW16.MVP;
			packageProductDependencies = (
				8493332229F6F341009C3FF6 /* SnapKit */,
			);
			productName = HW16.MVP;
			productReference = 8493330629F6EF33009C3FF6 /* HW16.MVP.app */;
			productType = "com.apple.product-type.application";
		};
/* End PBXNativeTarget section */

/* Begin PBXProject section */
		849332FE29F6EF33009C3FF6 /* Project object */ = {
			isa = PBXProject;
			attributes = {
				BuildIndependentTargetsInParallel = 1;
				LastSwiftUpdateCheck = 1430;
				LastUpgradeCheck = 1430;
				TargetAttributes = {
					8493330529F6EF33009C3FF6 = {
						CreatedOnToolsVersion = 14.3;
					};
				};
			};
			buildConfigurationList = 8493330129F6EF33009C3FF6 /* Build configuration list for PBXProject "HW16.MVP" */;
			compatibilityVersion = "Xcode 14.0";
			developmentRegion = en;
			hasScannedForEncodings = 0;
			knownRegions = (
				en,
				Base,
			);
			mainGroup = 849332FD29F6EF33009C3FF6;
			packageReferences = (
				8493332129F6F341009C3FF6 /* XCRemoteSwiftPackageReference "SnapKit" */,
			);
			productRefGroup = 8493330729F6EF33009C3FF6 /* Products */;
			projectDirPath = "";
			projectRoot = "";
			targets = (
				8493330529F6EF33009C3FF6 /* HW16.MVP */,
			);
		};
/* End PBXProject section */

/* Begin PBXResourcesBuildPhase section */
		8493330429F6EF33009C3FF6 /* Resources */ = {
			isa = PBXResourcesBuildPhase;
			buildActionMask = 2147483647;
			files = (
				8493331329F6EF34009C3FF6 /* Assets.xcassets in Resources */,
			);
			runOnlyForDeploymentPostprocessing = 0;
		};
/* End PBXResourcesBuildPhase section */

/* Begin PBXSourcesBuildPhase section */
		8493330229F6EF33009C3FF6 /* Sources */ = {
			isa = PBXSourcesBuildPhase;
			buildActionMask = 2147483647;
			files = (
				8489C71E2A07C60700662DDD /* DetailViewController.swift in Sources */,
				8493332A29F6F6B1009C3FF6 /* MainPresenter.swift in Sources */,
				8493330E29F6EF33009C3FF6 /* MainViewController.swift in Sources */,
				8493332829F6F69A009C3FF6 /* Animals.swift in Sources */,
				8489C71C2A07C5F000662DDD /* DetailPresenter.swift in Sources */,
				845AFB9A2A0657F6000EACEF /* CategoryCell.swift in Sources */,
				8493330A29F6EF33009C3FF6 /* AppDelegate.swift in Sources */,
				84642A0229FF0EFD0076850C /* ModuleBuilder.swift in Sources */,
				8493330C29F6EF33009C3FF6 /* SceneDelegate.swift in Sources */,
				845AFB9C2A065806000EACEF /* PetCell.swift in Sources */,
				8493332C29F7008C009C3FF6 /* Animal.swift in Sources */,
			);
			runOnlyForDeploymentPostprocessing = 0;
		};
/* End PBXSourcesBuildPhase section */

/* Begin XCBuildConfiguration section */
		8493331829F6EF34009C3FF6 /* Debug */ = {
			isa = XCBuildConfiguration;
			buildSettings = {
				ALWAYS_SEARCH_USER_PATHS = NO;
				CLANG_ANALYZER_NONNULL = YES;
				CLANG_ANALYZER_NUMBER_OBJECT_CONVERSION = YES_AGGRESSIVE;
				CLANG_CXX_LANGUAGE_STANDARD = "gnu++20";
				CLANG_ENABLE_MODULES = YES;
				CLANG_ENABLE_OBJC_ARC = YES;
				CLANG_ENABLE_OBJC_WEAK = YES;
				CLANG_WARN_BLOCK_CAPTURE_AUTORELEASING = YES;
				CLANG_WARN_BOOL_CONVERSION = YES;
				CLANG_WARN_COMMA = YES;
				CLANG_WARN_CONSTANT_CONVERSION = YES;
				CLANG_WARN_DEPRECATED_OBJC_IMPLEMENTATIONS = YES;
				CLANG_WARN_DIRECT_OBJC_ISA_USAGE = YES_ERROR;
				CLANG_WARN_DOCUMENTATION_COMMENTS = YES;
				CLANG_WARN_EMPTY_BODY = YES;
				CLANG_WARN_ENUM_CONVERSION = YES;
				CLANG_WARN_INFINITE_RECURSION = YES;
				CLANG_WARN_INT_CONVERSION = YES;
				CLANG_WARN_NON_LITERAL_NULL_CONVERSION = YES;
				CLANG_WARN_OBJC_IMPLICIT_RETAIN_SELF = YES;
				CLANG_WARN_OBJC_LITERAL_CONVERSION = YES;
				CLANG_WARN_OBJC_ROOT_CLASS = YES_ERROR;
				CLANG_WARN_QUOTED_INCLUDE_IN_FRAMEWORK_HEADER = YES;
				CLANG_WARN_RANGE_LOOP_ANALYSIS = YES;
				CLANG_WARN_STRICT_PROTOTYPES = YES;
				CLANG_WARN_SUSPICIOUS_MOVE = YES;
				CLANG_WARN_UNGUARDED_AVAILABILITY = YES_AGGRESSIVE;
				CLANG_WARN_UNREACHABLE_CODE = YES;
				CLANG_WARN__DUPLICATE_METHOD_MATCH = YES;
				COPY_PHASE_STRIP = NO;
				DEBUG_INFORMATION_FORMAT = dwarf;
				ENABLE_STRICT_OBJC_MSGSEND = YES;
				ENABLE_TESTABILITY = YES;
				GCC_C_LANGUAGE_STANDARD = gnu11;
				GCC_DYNAMIC_NO_PIC = NO;
				GCC_NO_COMMON_BLOCKS = YES;
				GCC_OPTIMIZATION_LEVEL = 0;
				GCC_PREPROCESSOR_DEFINITIONS = (
					"DEBUG=1",
					"$(inherited)",
				);
				GCC_WARN_64_TO_32_BIT_CONVERSION = YES;
				GCC_WARN_ABOUT_RETURN_TYPE = YES_ERROR;
				GCC_WARN_UNDECLARED_SELECTOR = YES;
				GCC_WARN_UNINITIALIZED_AUTOS = YES_AGGRESSIVE;
				GCC_WARN_UNUSED_FUNCTION = YES;
				GCC_WARN_UNUSED_VARIABLE = YES;
				IPHONEOS_DEPLOYMENT_TARGET = 16.4;
				MTL_ENABLE_DEBUG_INFO = INCLUDE_SOURCE;
				MTL_FAST_MATH = YES;
				ONLY_ACTIVE_ARCH = YES;
				SDKROOT = iphoneos;
				SWIFT_ACTIVE_COMPILATION_CONDITIONS = DEBUG;
				SWIFT_OPTIMIZATION_LEVEL = "-Onone";
			};
			name = Debug;
		};
		8493331929F6EF34009C3FF6 /* Release */ = {
			isa = XCBuildConfiguration;
			buildSettings = {
				ALWAYS_SEARCH_USER_PATHS = NO;
				CLANG_ANALYZER_NONNULL = YES;
				CLANG_ANALYZER_NUMBER_OBJECT_CONVERSION = YES_AGGRESSIVE;
				CLANG_CXX_LANGUAGE_STANDARD = "gnu++20";
				CLANG_ENABLE_MODULES = YES;
				CLANG_ENABLE_OBJC_ARC = YES;
				CLANG_ENABLE_OBJC_WEAK = YES;
				CLANG_WARN_BLOCK_CAPTURE_AUTORELEASING = YES;
				CLANG_WARN_BOOL_CONVERSION = YES;
				CLANG_WARN_COMMA = YES;
				CLANG_WARN_CONSTANT_CONVERSION = YES;
				CLANG_WARN_DEPRECATED_OBJC_IMPLEMENTATIONS = YES;
				CLANG_WARN_DIRECT_OBJC_ISA_USAGE = YES_ERROR;
				CLANG_WARN_DOCUMENTATION_COMMENTS = YES;
				CLANG_WARN_EMPTY_BODY = YES;
				CLANG_WARN_ENUM_CONVERSION = YES;
				CLANG_WARN_INFINITE_RECURSION = YES;
				CLANG_WARN_INT_CONVERSION = YES;
				CLANG_WARN_NON_LITERAL_NULL_CONVERSION = YES;
				CLANG_WARN_OBJC_IMPLICIT_RETAIN_SELF = YES;
				CLANG_WARN_OBJC_LITERAL_CONVERSION = YES;
				CLANG_WARN_OBJC_ROOT_CLASS = YES_ERROR;
				CLANG_WARN_QUOTED_INCLUDE_IN_FRAMEWORK_HEADER = YES;
				CLANG_WARN_RANGE_LOOP_ANALYSIS = YES;
				CLANG_WARN_STRICT_PROTOTYPES = YES;
				CLANG_WARN_SUSPICIOUS_MOVE = YES;
				CLANG_WARN_UNGUARDED_AVAILABILITY = YES_AGGRESSIVE;
				CLANG_WARN_UNREACHABLE_CODE = YES;
				CLANG_WARN__DUPLICATE_METHOD_MATCH = YES;
				COPY_PHASE_STRIP = NO;
				DEBUG_INFORMATION_FORMAT = "dwarf-with-dsym";
				ENABLE_NS_ASSERTIONS = NO;
				ENABLE_STRICT_OBJC_MSGSEND = YES;
				GCC_C_LANGUAGE_STANDARD = gnu11;
				GCC_NO_COMMON_BLOCKS = YES;
				GCC_WARN_64_TO_32_BIT_CONVERSION = YES;
				GCC_WARN_ABOUT_RETURN_TYPE = YES_ERROR;
				GCC_WARN_UNDECLARED_SELECTOR = YES;
				GCC_WARN_UNINITIALIZED_AUTOS = YES_AGGRESSIVE;
				GCC_WARN_UNUSED_FUNCTION = YES;
				GCC_WARN_UNUSED_VARIABLE = YES;
				IPHONEOS_DEPLOYMENT_TARGET = 16.4;
				MTL_ENABLE_DEBUG_INFO = NO;
				MTL_FAST_MATH = YES;
				SDKROOT = iphoneos;
				SWIFT_COMPILATION_MODE = wholemodule;
				SWIFT_OPTIMIZATION_LEVEL = "-O";
				VALIDATE_PRODUCT = YES;
			};
			name = Release;
		};
		8493331B29F6EF34009C3FF6 /* Debug */ = {
			isa = XCBuildConfiguration;
			buildSettings = {
				ASSETCATALOG_COMPILER_APPICON_NAME = AppIcon;
				ASSETCATALOG_COMPILER_GLOBAL_ACCENT_COLOR_NAME = AccentColor;
				CODE_SIGN_STYLE = Automatic;
				CURRENT_PROJECT_VERSION = 1;
				DEVELOPMENT_TEAM = YD8TPX92WG;
				GENERATE_INFOPLIST_FILE = YES;
				INFOPLIST_FILE = HW16.MVP/Resource/Info.plist;
				INFOPLIST_KEY_UIApplicationSupportsIndirectInputEvents = YES;
				INFOPLIST_KEY_UILaunchStoryboardName = LaunchScreen;
				INFOPLIST_KEY_UISupportedInterfaceOrientations_iPad = "UIInterfaceOrientationPortrait UIInterfaceOrientationPortraitUpsideDown UIInterfaceOrientationLandscapeLeft UIInterfaceOrientationLandscapeRight";
				INFOPLIST_KEY_UISupportedInterfaceOrientations_iPhone = "UIInterfaceOrientationPortrait UIInterfaceOrientationLandscapeLeft UIInterfaceOrientationLandscapeRight";
				LD_RUNPATH_SEARCH_PATHS = (
					"$(inherited)",
					"@executable_path/Frameworks",
				);
				MARKETING_VERSION = 1.0;
				PRODUCT_BUNDLE_IDENTIFIER = "sbrnchk.HW16-MVP";
				PRODUCT_NAME = "$(TARGET_NAME)";
				SWIFT_EMIT_LOC_STRINGS = YES;
				SWIFT_VERSION = 5.0;
				TARGETED_DEVICE_FAMILY = "1,2";
			};
			name = Debug;
		};
		8493331C29F6EF34009C3FF6 /* Release */ = {
			isa = XCBuildConfiguration;
			buildSettings = {
				ASSETCATALOG_COMPILER_APPICON_NAME = AppIcon;
				ASSETCATALOG_COMPILER_GLOBAL_ACCENT_COLOR_NAME = AccentColor;
				CODE_SIGN_STYLE = Automatic;
				CURRENT_PROJECT_VERSION = 1;
				DEVELOPMENT_TEAM = YD8TPX92WG;
				GENERATE_INFOPLIST_FILE = YES;
				INFOPLIST_FILE = HW16.MVP/Resource/Info.plist;
				INFOPLIST_KEY_UIApplicationSupportsIndirectInputEvents = YES;
				INFOPLIST_KEY_UILaunchStoryboardName = LaunchScreen;
				INFOPLIST_KEY_UISupportedInterfaceOrientations_iPad = "UIInterfaceOrientationPortrait UIInterfaceOrientationPortraitUpsideDown UIInterfaceOrientationLandscapeLeft UIInterfaceOrientationLandscapeRight";
				INFOPLIST_KEY_UISupportedInterfaceOrientations_iPhone = "UIInterfaceOrientationPortrait UIInterfaceOrientationLandscapeLeft UIInterfaceOrientationLandscapeRight";
				LD_RUNPATH_SEARCH_PATHS = (
					"$(inherited)",
					"@executable_path/Frameworks",
				);
				MARKETING_VERSION = 1.0;
				PRODUCT_BUNDLE_IDENTIFIER = "sbrnchk.HW16-MVP";
				PRODUCT_NAME = "$(TARGET_NAME)";
				SWIFT_EMIT_LOC_STRINGS = YES;
				SWIFT_VERSION = 5.0;
				TARGETED_DEVICE_FAMILY = "1,2";
			};
			name = Release;
		};
/* End XCBuildConfiguration section */

/* Begin XCConfigurationList section */
		8493330129F6EF33009C3FF6 /* Build configuration list for PBXProject "HW16.MVP" */ = {
			isa = XCConfigurationList;
			buildConfigurations = (
				8493331829F6EF34009C3FF6 /* Debug */,
				8493331929F6EF34009C3FF6 /* Release */,
			);
			defaultConfigurationIsVisible = 0;
			defaultConfigurationName = Release;
		};
		8493331A29F6EF34009C3FF6 /* Build configuration list for PBXNativeTarget "HW16.MVP" */ = {
			isa = XCConfigurationList;
			buildConfigurations = (
				8493331B29F6EF34009C3FF6 /* Debug */,
				8493331C29F6EF34009C3FF6 /* Release */,
			);
			defaultConfigurationIsVisible = 0;
			defaultConfigurationName = Release;
		};
/* End XCConfigurationList section */

/* Begin XCRemoteSwiftPackageReference section */
		8493332129F6F341009C3FF6 /* XCRemoteSwiftPackageReference "SnapKit" */ = {
			isa = XCRemoteSwiftPackageReference;
			repositoryURL = "https://github.com/SnapKit/SnapKit.git";
			requirement = {
				kind = upToNextMajorVersion;
				minimumVersion = 5.0.0;
			};
		};
/* End XCRemoteSwiftPackageReference section */

/* Begin XCSwiftPackageProductDependency section */
		8493332229F6F341009C3FF6 /* SnapKit */ = {
			isa = XCSwiftPackageProductDependency;
			package = 8493332129F6F341009C3FF6 /* XCRemoteSwiftPackageReference "SnapKit" */;
			productName = SnapKit;
		};
/* End XCSwiftPackageProductDependency section */
	};
	rootObject = 849332FE29F6EF33009C3FF6 /* Project object */;
}
